
Microsoft Visual Studio Solution File, Format Version 12.00
# Visual Studio Version 16
VisualStudioVersion = 16.0.29905.134
MinimumVisualStudioVersion = 10.0.40219.1
Project("{FAE04EC0-301F-11D3-BF4B-00C04F79EFBC}") = "ConsoleApp1", "ConsoleApp1\ConsoleApp1.csproj", "{CAB9C210-E2CE-4136-85C4-D78B5C0A3A53}"
EndProject
Global
	GlobalSection(SolutionConfigurationPlatforms) = preSolution
		Debug|Any CPU = Debug|Any CPU
		Release|Any CPU = Release|Any CPU
	EndGlobalSection
	GlobalSection(ProjectConfigurationPlatforms) = postSolution
		{CAB9C210-E2CE-4136-85C4-D78B5C0A3A53}.Debug|Any CPU.ActiveCfg = Debug|Any CPU
		{CAB9C210-E2CE-4136-85C4-D78B5C0A3A53}.Debug|Any CPU.Build.0 = Debug|Any CPU
		{CAB9C210-E2CE-4136-85C4-D78B5C0A3A53}.Release|Any CPU.ActiveCfg = Release|Any CPU
		{CAB9C210-E2CE-4136-85C4-D78B5C0A3A53}.Release|Any CPU.Build.0 = Release|Any CPU
	EndGlobalSection
	GlobalSection(SolutionProperties) = preSolution
		HideSolutionNode = FALSE
	EndGlobalSection
	GlobalSection(ExtensibilityGlobals) = postSolution
		SolutionGuid = {096E24C1-2BF8-46C4-8C33-FCA0085294E2}
	EndGlobalSection
EndGlobal
